
Microsoft Visual Studio Solution File, Format Version 12.00
# Visual Studio Version 17
VisualStudioVersion = 17.8.34511.84
MinimumVisualStudioVersion = 10.0.40219.1
Project("{E24C65DC-7377-472B-9ABA-BC803B73C61A}") = "WebSiteExemplo", "WebSiteExemplo\", "{CA56BD10-2418-4497-93D1-ED63E8D331C0}"
	ProjectSection(WebsiteProperties) = preProject
		TargetFrameworkMoniker = ".NETFramework,Version%3Dv4.7.2"
		Debug.AspNetCompiler.VirtualPath = "/localhost_65358"
		Debug.AspNetCompiler.PhysicalPath = "WebSiteExemplo\"
		Debug.AspNetCompiler.TargetPath = "PrecompiledWeb\localhost_65358\"
		Debug.AspNetCompiler.Updateable = "true"
		Debug.AspNetCompiler.ForceOverwrite = "true"
		Debug.AspNetCompiler.FixedNames = "false"
		Debug.AspNetCompiler.Debug = "True"
		Release.AspNetCompiler.VirtualPath = "/localhost_65358"
		Release.AspNetCompiler.PhysicalPath = "WebSiteExemplo\"
		Release.AspNetCompiler.TargetPath = "PrecompiledWeb\localhost_65358\"
		Release.AspNetCompiler.Updateable = "true"
		Release.AspNetCompiler.ForceOverwrite = "true"
		Release.AspNetCompiler.FixedNames = "false"
		Release.AspNetCompiler.Debug = "False"
		VWDPort = "65358"
		SlnRelativePath = "WebSiteExemplo\"
		DefaultWebSiteLanguage = "Visual C#"
	EndProjectSection
EndProject
Global
	GlobalSection(SolutionConfigurationPlatforms) = preSolution
		Debug|Any CPU = Debug|Any CPU
	EndGlobalSection
	GlobalSection(ProjectConfigurationPlatforms) = postSolution
		{CA56BD10-2418-4497-93D1-ED63E8D331C0}.Debug|Any CPU.ActiveCfg = Debug|Any CPU
		{CA56BD10-2418-4497-93D1-ED63E8D331C0}.Debug|Any CPU.Build.0 = Debug|Any CPU
	EndGlobalSection
	GlobalSection(SolutionProperties) = preSolution
		HideSolutionNode = FALSE
	EndGlobalSection
	GlobalSection(ExtensibilityGlobals) = postSolution
		SolutionGuid = {CC859649-FECE-4528-8E6D-A2AE53DC3838}
	EndGlobalSection
EndGlobal
